// !$*UTF8*$!
{
	archiveVersion = 1;
	classes = {
	};
	objectVersion = 46;
	objects = {

/* Begin PBXBuildFile section */
		08F10C221C2076C8000F2034 /* QuestionViewController.swift in Sources */ = {isa = PBXBuildFile; fileRef = 08F10C211C2076C8000F2034 /* QuestionViewController.swift */; };
		08F10C241C2076E1000F2034 /* CriaPerguntaViewController.swift in Sources */ = {isa = PBXBuildFile; fileRef = 08F10C231C2076E1000F2034 /* CriaPerguntaViewController.swift */; };
		180CA7C41BD915B300F5DFAB /* MateriasDetalheViewController.swift in Sources */ = {isa = PBXBuildFile; fileRef = 180CA7C31BD915B300F5DFAB /* MateriasDetalheViewController.swift */; };
		181C49A01C166CA3003B2AB1 /* Assets.xcassets in Resources */ = {isa = PBXBuildFile; fileRef = 181C499F1C166CA3003B2AB1 /* Assets.xcassets */; };
		185125551BDA91EB00E59F89 /* FeedTableViewController.swift in Sources */ = {isa = PBXBuildFile; fileRef = 185125541BDA91EB00E59F89 /* FeedTableViewController.swift */; };
		185125571BDA91F200E59F89 /* FeedCell.swift in Sources */ = {isa = PBXBuildFile; fileRef = 185125561BDA91F200E59F89 /* FeedCell.swift */; };
		185125591BDA91F800E59F89 /* Dados.swift in Sources */ = {isa = PBXBuildFile; fileRef = 185125581BDA91F800E59F89 /* Dados.swift */; };
		1851255F1BDA9A2A00E59F89 /* Question.swift in Sources */ = {isa = PBXBuildFile; fileRef = 1851255E1BDA9A2A00E59F89 /* Question.swift */; };
		185125611BDA9AF900E59F89 /* QuestionFeedTableViewController.swift in Sources */ = {isa = PBXBuildFile; fileRef = 185125601BDA9AF900E59F89 /* QuestionFeedTableViewController.swift */; };
		185125631BDA9B1400E59F89 /* QuestionFeedCell.swift in Sources */ = {isa = PBXBuildFile; fileRef = 185125621BDA9B1400E59F89 /* QuestionFeedCell.swift */; };
		18C459D51C21995E00242FEB /* ComentarioDetalhes.xib in Resources */ = {isa = PBXBuildFile; fileRef = 18C459D41C21995D00242FEB /* ComentarioDetalhes.xib */; };
		18C459DC1C21A2A900242FEB /* ComentarioDetalhesCell.swift in Sources */ = {isa = PBXBuildFile; fileRef = 18C459DB1C21A2A900242FEB /* ComentarioDetalhesCell.swift */; };
		18CC108A1C0879A700FDA6D3 /* DetalhesNoticiaCell.xib in Resources */ = {isa = PBXBuildFile; fileRef = 18CC10891C0879A700FDA6D3 /* DetalhesNoticiaCell.xib */; };
		18CC108C1C087B3F00FDA6D3 /* NewsDetailCell.swift in Sources */ = {isa = PBXBuildFile; fileRef = 18CC108B1C087B3F00FDA6D3 /* NewsDetailCell.swift */; };
		3F0CF1221BDAE3D7003E7488 /* UniversidadeTableViewCell.swift in Sources */ = {isa = PBXBuildFile; fileRef = 3F0CF1211BDAE3D7003E7488 /* UniversidadeTableViewCell.swift */; };
		3F0CF1241BDAE40B003E7488 /* UniversidadeTableViewController.swift in Sources */ = {isa = PBXBuildFile; fileRef = 3F0CF1231BDAE40B003E7488 /* UniversidadeTableViewController.swift */; };
		3F0CF1281BDAED4C003E7488 /* UniversidadeData.swift in Sources */ = {isa = PBXBuildFile; fileRef = 3F0CF1271BDAED4C003E7488 /* UniversidadeData.swift */; };
		3F0CF12A1BDE8777003E7488 /* materias.plist in Resources */ = {isa = PBXBuildFile; fileRef = 3F0CF1291BDE8777003E7488 /* materias.plist */; };
		3F0CF12C1BDFBE28003E7488 /* MateriaTableViewCell.swift in Sources */ = {isa = PBXBuildFile; fileRef = 3F0CF12B1BDFBE28003E7488 /* MateriaTableViewCell.swift */; };
		3F0CF1321BE6A93C003E7488 /* AnswerTableViewCell.swift in Sources */ = {isa = PBXBuildFile; fileRef = 3F0CF1311BE6A93C003E7488 /* AnswerTableViewCell.swift */; };
		3F0CFCAD1BE80BE10031F8DF /* Answer.swift in Sources */ = {isa = PBXBuildFile; fileRef = 3F0CFCAC1BE80BE10031F8DF /* Answer.swift */; };
		3F0CFCAF1BE83DCF0031F8DF /* AnswerViewController.swift in Sources */ = {isa = PBXBuildFile; fileRef = 3F0CFCAE1BE83DCF0031F8DF /* AnswerViewController.swift */; };
		3F0E2DDF1C0493EF00CB4722 /* CommentTableViewCell.swift in Sources */ = {isa = PBXBuildFile; fileRef = 3F0E2DDE1C0493EF00CB4722 /* CommentTableViewCell.swift */; };
		3F0E2DE71C0615FE00CB4722 /* CustomSearchBar.swift in Sources */ = {isa = PBXBuildFile; fileRef = 3F0E2DE51C06121C00CB4722 /* CustomSearchBar.swift */; };
		3F0E2DE81C0615FE00CB4722 /* CustomSearchController.swift in Sources */ = {isa = PBXBuildFile; fileRef = 3F0E2DE31C06120C00CB4722 /* CustomSearchController.swift */; };
		3F0F14AE1BD55047002EA06A /* AppDelegate.swift in Sources */ = {isa = PBXBuildFile; fileRef = 3F0F14AD1BD55047002EA06A /* AppDelegate.swift */; };
		3F0F14B61BD55047002EA06A /* Turminha_do_Barulho.xcdatamodeld in Sources */ = {isa = PBXBuildFile; fileRef = 3F0F14B41BD55047002EA06A /* Turminha_do_Barulho.xcdatamodeld */; };
		3F0F14BB1BD55047002EA06A /* LaunchScreen.storyboard in Resources */ = {isa = PBXBuildFile; fileRef = 3F0F14B91BD55047002EA06A /* LaunchScreen.storyboard */; };
		3F0F14C61BD55047002EA06A /* Turminha_do_BarulhoTests.swift in Sources */ = {isa = PBXBuildFile; fileRef = 3F0F14C51BD55047002EA06A /* Turminha_do_BarulhoTests.swift */; };
		3F0F14D11BD55047002EA06A /* Turminha_do_BarulhoUITests.swift in Sources */ = {isa = PBXBuildFile; fileRef = 3F0F14D01BD55047002EA06A /* Turminha_do_BarulhoUITests.swift */; };
		3F0F14E11BD664A3002EA06A /* MateriasTableViewController.swift in Sources */ = {isa = PBXBuildFile; fileRef = 3F0F14E01BD664A3002EA06A /* MateriasTableViewController.swift */; };
		3F0F14E31BD6658B002EA06A /* Materia.swift in Sources */ = {isa = PBXBuildFile; fileRef = 3F0F14E21BD6658B002EA06A /* Materia.swift */; };
		3F1607F11C21DC6600120CB5 /* HeaderSemestreCollection.swift in Sources */ = {isa = PBXBuildFile; fileRef = 3F1607F01C21DC6600120CB5 /* HeaderSemestreCollection.swift */; };
		3F75CB4F1BF604E6002241AC /* MateriaCollectionViewCell.swift in Sources */ = {isa = PBXBuildFile; fileRef = 3F75CB4E1BF604E6002241AC /* MateriaCollectionViewCell.swift */; };
		3F75CB511BF653C2002241AC /* MateriaSemestreCollectionViewCell.swift in Sources */ = {isa = PBXBuildFile; fileRef = 3F75CB501BF653C2002241AC /* MateriaSemestreCollectionViewCell.swift */; };
		3FF2D3BC1BEA6F3F00D085F0 /* Main.storyboard in Resources */ = {isa = PBXBuildFile; fileRef = 3FF2D3BA1BEA6F3F00D085F0 /* Main.storyboard */; };
		3FFA23D11BF21F3300D7AEDB /* Universidade.swift in Sources */ = {isa = PBXBuildFile; fileRef = 3FFA23D01BF21F3300D7AEDB /* Universidade.swift */; };
		3FFA23D31BF247AE00D7AEDB /* Subjects.swift in Sources */ = {isa = PBXBuildFile; fileRef = 3FFA23D21BF247AE00D7AEDB /* Subjects.swift */; };
		3FFA23D51BF4BE6200D7AEDB /* DetalheUniversidadesLayout.swift in Sources */ = {isa = PBXBuildFile; fileRef = 3FFA23D41BF4BE6200D7AEDB /* DetalheUniversidadesLayout.swift */; };
		3FFA23D71BF4C70800D7AEDB /* UniversidadesCollectionViewController.swift in Sources */ = {isa = PBXBuildFile; fileRef = 3FFA23D61BF4C70800D7AEDB /* UniversidadesCollectionViewController.swift */; };
		3FFA23D91BF4CD5900D7AEDB /* DescricaoCollectionViewCell.swift in Sources */ = {isa = PBXBuildFile; fileRef = 3FFA23D81BF4CD5900D7AEDB /* DescricaoCollectionViewCell.swift */; };
		5F09BF3D1C33420700227067 /* ParseModel.swift in Sources */ = {isa = PBXBuildFile; fileRef = 5F09BF3C1C33420700227067 /* ParseModel.swift */; };
		5F09BF401C3BEC1E00227067 /* MateriaDescricao.swift in Sources */ = {isa = PBXBuildFile; fileRef = 5F09BF3F1C3BEC1E00227067 /* MateriaDescricao.swift */; };
		5F09BF421C3BF13400227067 /* CursoInfo.swift in Sources */ = {isa = PBXBuildFile; fileRef = 5F09BF411C3BF13400227067 /* CursoInfo.swift */; };
		5F23DEDA1C109FA400C754DD /* CriaRespostaViewController.swift in Sources */ = {isa = PBXBuildFile; fileRef = 5F23DED91C109FA400C754DD /* CriaRespostaViewController.swift */; };
		5F68A5161C20650D0087621A /* AudioToolbox.framework in Frameworks */ = {isa = PBXBuildFile; fileRef = 5F68A5151C20650C0087621A /* AudioToolbox.framework */; };
		5F68A5181C2065140087621A /* CFNetwork.framework in Frameworks */ = {isa = PBXBuildFile; fileRef = 5F68A5171C2065140087621A /* CFNetwork.framework */; };
		5F68A51A1C20651B0087621A /* CoreGraphics.framework in Frameworks */ = {isa = PBXBuildFile; fileRef = 5F68A5191C20651B0087621A /* CoreGraphics.framework */; };
		5F68A51C1C2065250087621A /* CoreLocation.framework in Frameworks */ = {isa = PBXBuildFile; fileRef = 5F68A51B1C2065250087621A /* CoreLocation.framework */; };
		5F68A51E1C20652C0087621A /* QuartzCore.framework in Frameworks */ = {isa = PBXBuildFile; fileRef = 5F68A51D1C20652C0087621A /* QuartzCore.framework */; };
		5F68A5201C2065330087621A /* Security.framework in Frameworks */ = {isa = PBXBuildFile; fileRef = 5F68A51F1C2065330087621A /* Security.framework */; };
		5F68A5221C20653B0087621A /* StoreKit.framework in Frameworks */ = {isa = PBXBuildFile; fileRef = 5F68A5211C20653B0087621A /* StoreKit.framework */; };
		5F68A5241C2065450087621A /* SystemConfiguration.framework in Frameworks */ = {isa = PBXBuildFile; fileRef = 5F68A5231C2065450087621A /* SystemConfiguration.framework */; };
		5F68A5261C2065580087621A /* libz.tbd in Frameworks */ = {isa = PBXBuildFile; fileRef = 5F68A5251C2065580087621A /* libz.tbd */; };
		5F68A5281C2065620087621A /* libsqlite3.tbd in Frameworks */ = {isa = PBXBuildFile; fileRef = 5F68A5271C2065620087621A /* libsqlite3.tbd */; };
		5F778B641C3D79890074CB3E /* Usuario.swift in Sources */ = {isa = PBXBuildFile; fileRef = 5F778B631C3D79890074CB3E /* Usuario.swift */; };
		5F778B661C3EA27C0074CB3E /* Notificacao.swift in Sources */ = {isa = PBXBuildFile; fileRef = 5F778B651C3EA27C0074CB3E /* Notificacao.swift */; };
		5F778B681C3EBB070074CB3E /* userCell.swift in Sources */ = {isa = PBXBuildFile; fileRef = 5F778B671C3EBB070074CB3E /* userCell.swift */; };
		5F9082E11BDA839200FD2027 /* ConfiguracoesViewController.swift in Sources */ = {isa = PBXBuildFile; fileRef = 5F9082E01BDA839200FD2027 /* ConfiguracoesViewController.swift */; };
		5F9082E31BDA88DC00FD2027 /* LoginViewController.swift in Sources */ = {isa = PBXBuildFile; fileRef = 5F9082E21BDA88DC00FD2027 /* LoginViewController.swift */; };
		5F9082E51BDA890700FD2027 /* CriarContaViewController.swift in Sources */ = {isa = PBXBuildFile; fileRef = 5F9082E41BDA890700FD2027 /* CriarContaViewController.swift */; };
		5FEA6A931C20816F00C16A5D /* Bolts.framework in Frameworks */ = {isa = PBXBuildFile; fileRef = 5FEA6A911C20816F00C16A5D /* Bolts.framework */; };
		5FEA6A941C20816F00C16A5D /* Parse.framework in Frameworks */ = {isa = PBXBuildFile; fileRef = 5FEA6A921C20816F00C16A5D /* Parse.framework */; };
		5FF948981BE2A9BC003C6D2E /* FeedDetailsViewController.swift in Sources */ = {isa = PBXBuildFile; fileRef = 5FF948971BE2A9BC003C6D2E /* FeedDetailsViewController.swift */; };
/* End PBXBuildFile section */

/* Begin PBXContainerItemProxy section */
		3F0F14C21BD55047002EA06A /* PBXContainerItemProxy */ = {
			isa = PBXContainerItemProxy;
			containerPortal = 3F0F14A21BD55047002EA06A /* Project object */;
			proxyType = 1;
			remoteGlobalIDString = 3F0F14A91BD55047002EA06A;
			remoteInfo = "Turminha do Barulho";
		};
		3F0F14CD1BD55047002EA06A /* PBXContainerItemProxy */ = {
			isa = PBXContainerItemProxy;
			containerPortal = 3F0F14A21BD55047002EA06A /* Project object */;
			proxyType = 1;
			remoteGlobalIDString = 3F0F14A91BD55047002EA06A;
			remoteInfo = "Turminha do Barulho";
		};
/* End PBXContainerItemProxy section */

/* Begin PBXFileReference section */
		08F10C211C2076C8000F2034 /* QuestionViewController.swift */ = {isa = PBXFileReference; fileEncoding = 4; lastKnownFileType = sourcecode.swift; path = QuestionViewController.swift; sourceTree = "<group>"; };
		08F10C231C2076E1000F2034 /* CriaPerguntaViewController.swift */ = {isa = PBXFileReference; fileEncoding = 4; lastKnownFileType = sourcecode.swift; path = CriaPerguntaViewController.swift; sourceTree = "<group>"; };
		180CA7C31BD915B300F5DFAB /* MateriasDetalheViewController.swift */ = {isa = PBXFileReference; fileEncoding = 4; lastKnownFileType = sourcecode.swift; path = MateriasDetalheViewController.swift; sourceTree = "<group>"; };
		181C499F1C166CA3003B2AB1 /* Assets.xcassets */ = {isa = PBXFileReference; lastKnownFileType = folder.assetcatalog; path = Assets.xcassets; sourceTree = "<group>"; };
		185125541BDA91EB00E59F89 /* FeedTableViewController.swift */ = {isa = PBXFileReference; fileEncoding = 4; lastKnownFileType = sourcecode.swift; path = FeedTableViewController.swift; sourceTree = "<group>"; };
		185125561BDA91F200E59F89 /* FeedCell.swift */ = {isa = PBXFileReference; fileEncoding = 4; lastKnownFileType = sourcecode.swift; path = FeedCell.swift; sourceTree = "<group>"; };
		185125581BDA91F800E59F89 /* Dados.swift */ = {isa = PBXFileReference; fileEncoding = 4; lastKnownFileType = sourcecode.swift; path = Dados.swift; sourceTree = "<group>"; };
		1851255E1BDA9A2A00E59F89 /* Question.swift */ = {isa = PBXFileReference; fileEncoding = 4; lastKnownFileType = sourcecode.swift; path = Question.swift; sourceTree = "<group>"; };
		185125601BDA9AF900E59F89 /* QuestionFeedTableViewController.swift */ = {isa = PBXFileReference; fileEncoding = 4; lastKnownFileType = sourcecode.swift; path = QuestionFeedTableViewController.swift; sourceTree = "<group>"; };
		185125621BDA9B1400E59F89 /* QuestionFeedCell.swift */ = {isa = PBXFileReference; fileEncoding = 4; lastKnownFileType = sourcecode.swift; path = QuestionFeedCell.swift; sourceTree = "<group>"; };
		18C459D41C21995D00242FEB /* ComentarioDetalhes.xib */ = {isa = PBXFileReference; fileEncoding = 4; lastKnownFileType = file.xib; path = ComentarioDetalhes.xib; sourceTree = "<group>"; };
		18C459DB1C21A2A900242FEB /* ComentarioDetalhesCell.swift */ = {isa = PBXFileReference; fileEncoding = 4; lastKnownFileType = sourcecode.swift; name = ComentarioDetalhesCell.swift; path = ../ComentarioDetalhesCell.swift; sourceTree = "<group>"; };
		18CC10891C0879A700FDA6D3 /* DetalhesNoticiaCell.xib */ = {isa = PBXFileReference; fileEncoding = 4; lastKnownFileType = file.xib; path = DetalhesNoticiaCell.xib; sourceTree = "<group>"; };
		18CC108B1C087B3F00FDA6D3 /* NewsDetailCell.swift */ = {isa = PBXFileReference; fileEncoding = 4; lastKnownFileType = sourcecode.swift; path = NewsDetailCell.swift; sourceTree = "<group>"; };
		3F0CF1211BDAE3D7003E7488 /* UniversidadeTableViewCell.swift */ = {isa = PBXFileReference; fileEncoding = 4; lastKnownFileType = sourcecode.swift; name = UniversidadeTableViewCell.swift; path = ../UniversidadeTableViewCell.swift; sourceTree = "<group>"; };
		3F0CF1231BDAE40B003E7488 /* UniversidadeTableViewController.swift */ = {isa = PBXFileReference; fileEncoding = 4; lastKnownFileType = sourcecode.swift; name = UniversidadeTableViewController.swift; path = ../UniversidadeTableViewController.swift; sourceTree = "<group>"; };
		3F0CF1271BDAED4C003E7488 /* UniversidadeData.swift */ = {isa = PBXFileReference; fileEncoding = 4; lastKnownFileType = sourcecode.swift; name = UniversidadeData.swift; path = ../UniversidadeData.swift; sourceTree = "<group>"; };
		3F0CF1291BDE8777003E7488 /* materias.plist */ = {isa = PBXFileReference; fileEncoding = 4; lastKnownFileType = text.plist.xml; path = materias.plist; sourceTree = "<group>"; };
		3F0CF12B1BDFBE28003E7488 /* MateriaTableViewCell.swift */ = {isa = PBXFileReference; fileEncoding = 4; lastKnownFileType = sourcecode.swift; path = MateriaTableViewCell.swift; sourceTree = "<group>"; };
		3F0CF1311BE6A93C003E7488 /* AnswerTableViewCell.swift */ = {isa = PBXFileReference; fileEncoding = 4; lastKnownFileType = sourcecode.swift; path = AnswerTableViewCell.swift; sourceTree = "<group>"; };
		3F0CFCAC1BE80BE10031F8DF /* Answer.swift */ = {isa = PBXFileReference; fileEncoding = 4; lastKnownFileType = sourcecode.swift; path = Answer.swift; sourceTree = "<group>"; };
		3F0CFCAE1BE83DCF0031F8DF /* AnswerViewController.swift */ = {isa = PBXFileReference; fileEncoding = 4; lastKnownFileType = sourcecode.swift; path = AnswerViewController.swift; sourceTree = "<group>"; };
		3F0E2DDE1C0493EF00CB4722 /* CommentTableViewCell.swift */ = {isa = PBXFileReference; fileEncoding = 4; lastKnownFileType = sourcecode.swift; path = CommentTableViewCell.swift; sourceTree = "<group>"; };
		3F0E2DE31C06120C00CB4722 /* CustomSearchController.swift */ = {isa = PBXFileReference; fileEncoding = 4; lastKnownFileType = sourcecode.swift; path = CustomSearchController.swift; sourceTree = "<group>"; };
		3F0E2DE51C06121C00CB4722 /* CustomSearchBar.swift */ = {isa = PBXFileReference; fileEncoding = 4; lastKnownFileType = sourcecode.swift; path = CustomSearchBar.swift; sourceTree = "<group>"; };
		3F0F14AA1BD55047002EA06A /* Turminha do Barulho.app */ = {isa = PBXFileReference; explicitFileType = wrapper.application; includeInIndex = 0; path = "Turminha do Barulho.app"; sourceTree = BUILT_PRODUCTS_DIR; };
		3F0F14AD1BD55047002EA06A /* AppDelegate.swift */ = {isa = PBXFileReference; lastKnownFileType = sourcecode.swift; path = AppDelegate.swift; sourceTree = "<group>"; };
		3F0F14B51BD55047002EA06A /* Turminha_do_Barulho.xcdatamodel */ = {isa = PBXFileReference; lastKnownFileType = wrapper.xcdatamodel; path = Turminha_do_Barulho.xcdatamodel; sourceTree = "<group>"; };
		3F0F14BA1BD55047002EA06A /* Base */ = {isa = PBXFileReference; lastKnownFileType = file.storyboard; name = Base; path = Base.lproj/LaunchScreen.storyboard; sourceTree = "<group>"; };
		3F0F14BC1BD55047002EA06A /* Info.plist */ = {isa = PBXFileReference; lastKnownFileType = text.plist.xml; path = Info.plist; sourceTree = "<group>"; };
		3F0F14C11BD55047002EA06A /* Turminha do BarulhoTests.xctest */ = {isa = PBXFileReference; explicitFileType = wrapper.cfbundle; includeInIndex = 0; path = "Turminha do BarulhoTests.xctest"; sourceTree = BUILT_PRODUCTS_DIR; };
		3F0F14C51BD55047002EA06A /* Turminha_do_BarulhoTests.swift */ = {isa = PBXFileReference; lastKnownFileType = sourcecode.swift; path = Turminha_do_BarulhoTests.swift; sourceTree = "<group>"; };
		3F0F14C71BD55047002EA06A /* Info.plist */ = {isa = PBXFileReference; lastKnownFileType = text.plist.xml; path = Info.plist; sourceTree = "<group>"; };
		3F0F14CC1BD55047002EA06A /* Turminha do BarulhoUITests.xctest */ = {isa = PBXFileReference; explicitFileType = wrapper.cfbundle; includeInIndex = 0; path = "Turminha do BarulhoUITests.xctest"; sourceTree = BUILT_PRODUCTS_DIR; };
		3F0F14D01BD55047002EA06A /* Turminha_do_BarulhoUITests.swift */ = {isa = PBXFileReference; lastKnownFileType = sourcecode.swift; path = Turminha_do_BarulhoUITests.swift; sourceTree = "<group>"; };
		3F0F14D21BD55047002EA06A /* Info.plist */ = {isa = PBXFileReference; lastKnownFileType = text.plist.xml; path = Info.plist; sourceTree = "<group>"; };
		3F0F14E01BD664A3002EA06A /* MateriasTableViewController.swift */ = {isa = PBXFileReference; fileEncoding = 4; lastKnownFileType = sourcecode.swift; path = MateriasTableViewController.swift; sourceTree = "<group>"; };
		3F0F14E21BD6658B002EA06A /* Materia.swift */ = {isa = PBXFileReference; fileEncoding = 4; lastKnownFileType = sourcecode.swift; path = Materia.swift; sourceTree = "<group>"; };
		3F1607E91C2184E600120CB5 /* Turminha do Barulho-Bridging-Header.h */ = {isa = PBXFileReference; lastKnownFileType = sourcecode.c.h; path = "Turminha do Barulho-Bridging-Header.h"; sourceTree = "<group>"; };
		3F1607F01C21DC6600120CB5 /* HeaderSemestreCollection.swift */ = {isa = PBXFileReference; fileEncoding = 4; lastKnownFileType = sourcecode.swift; name = HeaderSemestreCollection.swift; path = ../HeaderSemestreCollection.swift; sourceTree = "<group>"; };
		3F75CB4E1BF604E6002241AC /* MateriaCollectionViewCell.swift */ = {isa = PBXFileReference; fileEncoding = 4; lastKnownFileType = sourcecode.swift; path = MateriaCollectionViewCell.swift; sourceTree = "<group>"; };
		3F75CB501BF653C2002241AC /* MateriaSemestreCollectionViewCell.swift */ = {isa = PBXFileReference; fileEncoding = 4; lastKnownFileType = sourcecode.swift; path = MateriaSemestreCollectionViewCell.swift; sourceTree = "<group>"; };
		3FF2D3BB1BEA6F3F00D085F0 /* Base */ = {isa = PBXFileReference; lastKnownFileType = file.storyboard; name = Base; path = Base.lproj/Main.storyboard; sourceTree = "<group>"; };
		3FFA23D01BF21F3300D7AEDB /* Universidade.swift */ = {isa = PBXFileReference; fileEncoding = 4; lastKnownFileType = sourcecode.swift; path = Universidade.swift; sourceTree = "<group>"; };
		3FFA23D21BF247AE00D7AEDB /* Subjects.swift */ = {isa = PBXFileReference; fileEncoding = 4; lastKnownFileType = sourcecode.swift; path = Subjects.swift; sourceTree = "<group>"; };
		3FFA23D41BF4BE6200D7AEDB /* DetalheUniversidadesLayout.swift */ = {isa = PBXFileReference; fileEncoding = 4; lastKnownFileType = sourcecode.swift; path = DetalheUniversidadesLayout.swift; sourceTree = "<group>"; };
		3FFA23D61BF4C70800D7AEDB /* UniversidadesCollectionViewController.swift */ = {isa = PBXFileReference; fileEncoding = 4; lastKnownFileType = sourcecode.swift; path = UniversidadesCollectionViewController.swift; sourceTree = "<group>"; };
		3FFA23D81BF4CD5900D7AEDB /* DescricaoCollectionViewCell.swift */ = {isa = PBXFileReference; fileEncoding = 4; lastKnownFileType = sourcecode.swift; name = DescricaoCollectionViewCell.swift; path = ../DescricaoCollectionViewCell.swift; sourceTree = "<group>"; };
		5F09BF3C1C33420700227067 /* ParseModel.swift */ = {isa = PBXFileReference; fileEncoding = 4; lastKnownFileType = sourcecode.swift; path = ParseModel.swift; sourceTree = "<group>"; };
		5F09BF3F1C3BEC1E00227067 /* MateriaDescricao.swift */ = {isa = PBXFileReference; fileEncoding = 4; lastKnownFileType = sourcecode.swift; path = MateriaDescricao.swift; sourceTree = "<group>"; };
		5F09BF411C3BF13400227067 /* CursoInfo.swift */ = {isa = PBXFileReference; fileEncoding = 4; lastKnownFileType = sourcecode.swift; path = CursoInfo.swift; sourceTree = "<group>"; };
		5F23DED91C109FA400C754DD /* CriaRespostaViewController.swift */ = {isa = PBXFileReference; fileEncoding = 4; lastKnownFileType = sourcecode.swift; path = CriaRespostaViewController.swift; sourceTree = "<group>"; };
		5F68A5151C20650C0087621A /* AudioToolbox.framework */ = {isa = PBXFileReference; lastKnownFileType = wrapper.framework; name = AudioToolbox.framework; path = System/Library/Frameworks/AudioToolbox.framework; sourceTree = SDKROOT; };
		5F68A5171C2065140087621A /* CFNetwork.framework */ = {isa = PBXFileReference; lastKnownFileType = wrapper.framework; name = CFNetwork.framework; path = System/Library/Frameworks/CFNetwork.framework; sourceTree = SDKROOT; };
		5F68A5191C20651B0087621A /* CoreGraphics.framework */ = {isa = PBXFileReference; lastKnownFileType = wrapper.framework; name = CoreGraphics.framework; path = System/Library/Frameworks/CoreGraphics.framework; sourceTree = SDKROOT; };
		5F68A51B1C2065250087621A /* CoreLocation.framework */ = {isa = PBXFileReference; lastKnownFileType = wrapper.framework; name = CoreLocation.framework; path = System/Library/Frameworks/CoreLocation.framework; sourceTree = SDKROOT; };
		5F68A51D1C20652C0087621A /* QuartzCore.framework */ = {isa = PBXFileReference; lastKnownFileType = wrapper.framework; name = QuartzCore.framework; path = System/Library/Frameworks/QuartzCore.framework; sourceTree = SDKROOT; };
		5F68A51F1C2065330087621A /* Security.framework */ = {isa = PBXFileReference; lastKnownFileType = wrapper.framework; name = Security.framework; path = System/Library/Frameworks/Security.framework; sourceTree = SDKROOT; };
		5F68A5211C20653B0087621A /* StoreKit.framework */ = {isa = PBXFileReference; lastKnownFileType = wrapper.framework; name = StoreKit.framework; path = System/Library/Frameworks/StoreKit.framework; sourceTree = SDKROOT; };
		5F68A5231C2065450087621A /* SystemConfiguration.framework */ = {isa = PBXFileReference; lastKnownFileType = wrapper.framework; name = SystemConfiguration.framework; path = System/Library/Frameworks/SystemConfiguration.framework; sourceTree = SDKROOT; };
		5F68A5251C2065580087621A /* libz.tbd */ = {isa = PBXFileReference; lastKnownFileType = "sourcecode.text-based-dylib-definition"; name = libz.tbd; path = usr/lib/libz.tbd; sourceTree = SDKROOT; };
		5F68A5271C2065620087621A /* libsqlite3.tbd */ = {isa = PBXFileReference; lastKnownFileType = "sourcecode.text-based-dylib-definition"; name = libsqlite3.tbd; path = usr/lib/libsqlite3.tbd; sourceTree = SDKROOT; };
		5F778B631C3D79890074CB3E /* Usuario.swift */ = {isa = PBXFileReference; fileEncoding = 4; lastKnownFileType = sourcecode.swift; path = Usuario.swift; sourceTree = "<group>"; };
		5F778B651C3EA27C0074CB3E /* Notificacao.swift */ = {isa = PBXFileReference; fileEncoding = 4; lastKnownFileType = sourcecode.swift; path = Notificacao.swift; sourceTree = "<group>"; };
		5F778B671C3EBB070074CB3E /* userCell.swift */ = {isa = PBXFileReference; fileEncoding = 4; lastKnownFileType = sourcecode.swift; path = userCell.swift; sourceTree = "<group>"; };
		5F9082E01BDA839200FD2027 /* ConfiguracoesViewController.swift */ = {isa = PBXFileReference; fileEncoding = 4; lastKnownFileType = sourcecode.swift; path = ConfiguracoesViewController.swift; sourceTree = "<group>"; };
		5F9082E21BDA88DC00FD2027 /* LoginViewController.swift */ = {isa = PBXFileReference; fileEncoding = 4; lastKnownFileType = sourcecode.swift; path = LoginViewController.swift; sourceTree = "<group>"; };
		5F9082E41BDA890700FD2027 /* CriarContaViewController.swift */ = {isa = PBXFileReference; fileEncoding = 4; lastKnownFileType = sourcecode.swift; path = CriarContaViewController.swift; sourceTree = "<group>"; };
		5FEA6A911C20816F00C16A5D /* Bolts.framework */ = {isa = PBXFileReference; lastKnownFileType = wrapper.framework; path = Bolts.framework; sourceTree = "<group>"; };
		5FEA6A921C20816F00C16A5D /* Parse.framework */ = {isa = PBXFileReference; lastKnownFileType = wrapper.framework; path = Parse.framework; sourceTree = "<group>"; };
		5FF948971BE2A9BC003C6D2E /* FeedDetailsViewController.swift */ = {isa = PBXFileReference; fileEncoding = 4; lastKnownFileType = sourcecode.swift; path = FeedDetailsViewController.swift; sourceTree = "<group>"; };
/* End PBXFileReference section */

/* Begin PBXFrameworksBuildPhase section */
		3F0F14A71BD55047002EA06A /* Frameworks */ = {
			isa = PBXFrameworksBuildPhase;
			buildActionMask = 2147483647;
			files = (
				5F68A5281C2065620087621A /* libsqlite3.tbd in Frameworks */,
				5F68A5261C2065580087621A /* libz.tbd in Frameworks */,
				5F68A5241C2065450087621A /* SystemConfiguration.framework in Frameworks */,
				5F68A5221C20653B0087621A /* StoreKit.framework in Frameworks */,
				5F68A5201C2065330087621A /* Security.framework in Frameworks */,
				5F68A51E1C20652C0087621A /* QuartzCore.framework in Frameworks */,
				5F68A51C1C2065250087621A /* CoreLocation.framework in Frameworks */,
				5F68A51A1C20651B0087621A /* CoreGraphics.framework in Frameworks */,
				5FEA6A931C20816F00C16A5D /* Bolts.framework in Frameworks */,
				5F68A5181C2065140087621A /* CFNetwork.framework in Frameworks */,
				5FEA6A941C20816F00C16A5D /* Parse.framework in Frameworks */,
				5F68A5161C20650D0087621A /* AudioToolbox.framework in Frameworks */,
			);
			runOnlyForDeploymentPostprocessing = 0;
		};
		3F0F14BE1BD55047002EA06A /* Frameworks */ = {
			isa = PBXFrameworksBuildPhase;
			buildActionMask = 2147483647;
			files = (
			);
			runOnlyForDeploymentPostprocessing = 0;
		};
		3F0F14C91BD55047002EA06A /* Frameworks */ = {
			isa = PBXFrameworksBuildPhase;
			buildActionMask = 2147483647;
			files = (
			);
			runOnlyForDeploymentPostprocessing = 0;
		};
/* End PBXFrameworksBuildPhase section */

/* Begin PBXGroup section */
		185125501BDA919100E59F89 /* Materias */ = {
			isa = PBXGroup;
			children = (
				3F0CF1231BDAE40B003E7488 /* UniversidadeTableViewController.swift */,
				3FFA23D61BF4C70800D7AEDB /* UniversidadesCollectionViewController.swift */,
				180CA7C31BD915B300F5DFAB /* MateriasDetalheViewController.swift */,
				3F0F14E01BD664A3002EA06A /* MateriasTableViewController.swift */,
			);
			name = Materias;
			sourceTree = "<group>";
		};
		185125511BDA919C00E59F89 /* Config */ = {
			isa = PBXGroup;
			children = (
				5F9082E01BDA839200FD2027 /* ConfiguracoesViewController.swift */,
			);
			name = Config;
			sourceTree = "<group>";
		};
		185125521BDA91D000E59F89 /* Materias */ = {
			isa = PBXGroup;
			children = (
				3F0F14E21BD6658B002EA06A /* Materia.swift */,
				185125581BDA91F800E59F89 /* Dados.swift */,
				1851255E1BDA9A2A00E59F89 /* Question.swift */,
				3F0CFCAC1BE80BE10031F8DF /* Answer.swift */,
				3FFA23D21BF247AE00D7AEDB /* Subjects.swift */,
				3FFA23D01BF21F3300D7AEDB /* Universidade.swift */,
				3F0CF1291BDE8777003E7488 /* materias.plist */,
				5F09BF3F1C3BEC1E00227067 /* MateriaDescricao.swift */,
				5F09BF411C3BF13400227067 /* CursoInfo.swift */,
				5F778B631C3D79890074CB3E /* Usuario.swift */,
				5F778B651C3EA27C0074CB3E /* Notificacao.swift */,
			);
			name = Materias;
			sourceTree = "<group>";
		};
		185125531BDA91DA00E59F89 /* FeedNoticias */ = {
			isa = PBXGroup;
			children = (
				18C459D81C21A0CD00242FEB /* Detalhes */,
				18C459D61C21A0C300242FEB /* Feed */,
			);
			name = FeedNoticias;
			sourceTree = "<group>";
		};
		1851255D1BDA99FD00E59F89 /* QuestionFeed */ = {
			isa = PBXGroup;
			children = (
				185125601BDA9AF900E59F89 /* QuestionFeedTableViewController.swift */,
				3F0CFCAE1BE83DCF0031F8DF /* AnswerViewController.swift */,
				5F23DED91C109FA400C754DD /* CriaRespostaViewController.swift */,
				08F10C211C2076C8000F2034 /* QuestionViewController.swift */,
				08F10C231C2076E1000F2034 /* CriaPerguntaViewController.swift */,
			);
			name = QuestionFeed;
			sourceTree = "<group>";
		};
		18C459D61C21A0C300242FEB /* Feed */ = {
			isa = PBXGroup;
			children = (
				185125541BDA91EB00E59F89 /* FeedTableViewController.swift */,
				185125561BDA91F200E59F89 /* FeedCell.swift */,
			);
			name = Feed;
			sourceTree = "<group>";
		};
		18C459D81C21A0CD00242FEB /* Detalhes */ = {
			isa = PBXGroup;
			children = (
				5FF948971BE2A9BC003C6D2E /* FeedDetailsViewController.swift */,
				18C459DB1C21A2A900242FEB /* ComentarioDetalhesCell.swift */,
				18CC108B1C087B3F00FDA6D3 /* NewsDetailCell.swift */,
			);
			name = Detalhes;
			sourceTree = "<group>";
		};
		3F0A99E41BD8036A0083B187 /* Model */ = {
			isa = PBXGroup;
			children = (
				5F09BF3B1C3341E800227067 /* Parse */,
				185125521BDA91D000E59F89 /* Materias */,
			);
			name = Model;
			sourceTree = "<group>";
		};
		3F0A99E51BD8037A0083B187 /* View */ = {
			isa = PBXGroup;
			children = (
				3F5C35ED1BFA32E900141384 /* QuestionFeed */,
				3F5C35EF1BFA330800141384 /* Config */,
				3F5C35EE1BFA32F600141384 /* Feed */,
				3F5C35F01BFA332300141384 /* Materias */,
			);
			name = View;
			sourceTree = "<group>";
		};
		3F0A99E61BD803B30083B187 /* Controllers */ = {
			isa = PBXGroup;
			children = (
				1851255D1BDA99FD00E59F89 /* QuestionFeed */,
				185125531BDA91DA00E59F89 /* FeedNoticias */,
				185125511BDA919C00E59F89 /* Config */,
				185125501BDA919100E59F89 /* Materias */,
				5F9082E41BDA890700FD2027 /* CriarContaViewController.swift */,
				5F9082E21BDA88DC00FD2027 /* LoginViewController.swift */,
				3F0E2DE01C06117500CB4722 /* SearchController */,
			);
			name = Controllers;
			sourceTree = "<group>";
		};
		3F0A99E71BD803D60083B187 /* Storyboard */ = {
			isa = PBXGroup;
			children = (
				3FF2D3BA1BEA6F3F00D085F0 /* Main.storyboard */,
			);
			name = Storyboard;
			sourceTree = "<group>";
		};
		3F0E2DE01C06117500CB4722 /* SearchController */ = {
			isa = PBXGroup;
			children = (
				3F0E2DE51C06121C00CB4722 /* CustomSearchBar.swift */,
				3F0E2DE31C06120C00CB4722 /* CustomSearchController.swift */,
			);
			name = SearchController;
			sourceTree = "<group>";
		};
		3F0F14A11BD55047002EA06A = {
			isa = PBXGroup;
			children = (
				3F0F14AC1BD55047002EA06A /* Turminha do Barulho */,
				3F0F14C41BD55047002EA06A /* Turminha do BarulhoTests */,
				3F0F14CF1BD55047002EA06A /* Turminha do BarulhoUITests */,
				3F0F14AB1BD55047002EA06A /* Products */,
			);
			sourceTree = "<group>";
		};
		3F0F14AB1BD55047002EA06A /* Products */ = {
			isa = PBXGroup;
			children = (
				3F0F14AA1BD55047002EA06A /* Turminha do Barulho.app */,
				3F0F14C11BD55047002EA06A /* Turminha do BarulhoTests.xctest */,
				3F0F14CC1BD55047002EA06A /* Turminha do BarulhoUITests.xctest */,
			);
			name = Products;
			sourceTree = "<group>";
		};
		3F0F14AC1BD55047002EA06A /* Turminha do Barulho */ = {
			isa = PBXGroup;
			children = (
				3F0A99E71BD803D60083B187 /* Storyboard */,
				3F0A99E61BD803B30083B187 /* Controllers */,
				3F0A99E51BD8037A0083B187 /* View */,
				3F0A99E41BD8036A0083B187 /* Model */,
				5F68A5101C20649E0087621A /* Parse */,
				5F68A52C1C207A420087621A /* Xib Files */,
				3F0F14B91BD55047002EA06A /* LaunchScreen.storyboard */,
				3F0F14AD1BD55047002EA06A /* AppDelegate.swift */,
				3F0CF1271BDAED4C003E7488 /* UniversidadeData.swift */,
				3F0F14BC1BD55047002EA06A /* Info.plist */,
				3F0F14B41BD55047002EA06A /* Turminha_do_Barulho.xcdatamodeld */,
				181C499F1C166CA3003B2AB1 /* Assets.xcassets */,
				3F1607E91C2184E600120CB5 /* Turminha do Barulho-Bridging-Header.h */,
			);
			path = "Turminha do Barulho";
			sourceTree = "<group>";
		};
		3F0F14C41BD55047002EA06A /* Turminha do BarulhoTests */ = {
			isa = PBXGroup;
			children = (
				3F0F14C51BD55047002EA06A /* Turminha_do_BarulhoTests.swift */,
				3F0F14C71BD55047002EA06A /* Info.plist */,
			);
			path = "Turminha do BarulhoTests";
			sourceTree = "<group>";
		};
		3F0F14CF1BD55047002EA06A /* Turminha do BarulhoUITests */ = {
			isa = PBXGroup;
			children = (
				3F0F14D01BD55047002EA06A /* Turminha_do_BarulhoUITests.swift */,
				3F0F14D21BD55047002EA06A /* Info.plist */,
			);
			path = "Turminha do BarulhoUITests";
			sourceTree = "<group>";
		};
		3F5C35ED1BFA32E900141384 /* QuestionFeed */ = {
			isa = PBXGroup;
			children = (
				185125621BDA9B1400E59F89 /* QuestionFeedCell.swift */,
				3F0CF1311BE6A93C003E7488 /* AnswerTableViewCell.swift */,
				3F0E2DDE1C0493EF00CB4722 /* CommentTableViewCell.swift */,
			);
			name = QuestionFeed;
			sourceTree = "<group>";
		};
		3F5C35EE1BFA32F600141384 /* Feed */ = {
			isa = PBXGroup;
			children = (
			);
			name = Feed;
			sourceTree = "<group>";
		};
		3F5C35EF1BFA330800141384 /* Config */ = {
			isa = PBXGroup;
			children = (
				5F778B671C3EBB070074CB3E /* userCell.swift */,
			);
			name = Config;
			sourceTree = "<group>";
		};
		3F5C35F01BFA332300141384 /* Materias */ = {
			isa = PBXGroup;
			children = (
				3F1607F01C21DC6600120CB5 /* HeaderSemestreCollection.swift */,
				3F75CB4E1BF604E6002241AC /* MateriaCollectionViewCell.swift */,
				3FFA23D41BF4BE6200D7AEDB /* DetalheUniversidadesLayout.swift */,
				3F75CB501BF653C2002241AC /* MateriaSemestreCollectionViewCell.swift */,
				3FFA23D81BF4CD5900D7AEDB /* DescricaoCollectionViewCell.swift */,
				3F0CF1211BDAE3D7003E7488 /* UniversidadeTableViewCell.swift */,
				3F0CF12B1BDFBE28003E7488 /* MateriaTableViewCell.swift */,
			);
			name = Materias;
			sourceTree = "<group>";
		};
		5F09BF3B1C3341E800227067 /* Parse */ = {
			isa = PBXGroup;
			children = (
				5F09BF3C1C33420700227067 /* ParseModel.swift */,
			);
			name = Parse;
			sourceTree = "<group>";
		};
		5F68A5101C20649E0087621A /* Parse */ = {
			isa = PBXGroup;
			children = (
				5F68A5271C2065620087621A /* libsqlite3.tbd */,
				5F68A5251C2065580087621A /* libz.tbd */,
				5FEA6A911C20816F00C16A5D /* Bolts.framework */,
				5FEA6A921C20816F00C16A5D /* Parse.framework */,
				5F68A5231C2065450087621A /* SystemConfiguration.framework */,
				5F68A5211C20653B0087621A /* StoreKit.framework */,
				5F68A51F1C2065330087621A /* Security.framework */,
				5F68A51D1C20652C0087621A /* QuartzCore.framework */,
				5F68A51B1C2065250087621A /* CoreLocation.framework */,
				5F68A5191C20651B0087621A /* CoreGraphics.framework */,
				5F68A5171C2065140087621A /* CFNetwork.framework */,
				5F68A5151C20650C0087621A /* AudioToolbox.framework */,
			);
			name = Parse;
			sourceTree = "<group>";
		};
		5F68A52C1C207A420087621A /* Xib Files */ = {
			isa = PBXGroup;
			children = (
				18CC10891C0879A700FDA6D3 /* DetalhesNoticiaCell.xib */,
				18C459D41C21995D00242FEB /* ComentarioDetalhes.xib */,
			);
			name = "Xib Files";
			sourceTree = "<group>";
		};
/* End PBXGroup section */

/* Begin PBXNativeTarget section */
		3F0F14A91BD55047002EA06A /* Turminha do Barulho */ = {
			isa = PBXNativeTarget;
			buildConfigurationList = 3F0F14D51BD55047002EA06A /* Build configuration list for PBXNativeTarget "Turminha do Barulho" */;
			buildPhases = (
				3F0F14A61BD55047002EA06A /* Sources */,
				3F0F14A71BD55047002EA06A /* Frameworks */,
				3F0F14A81BD55047002EA06A /* Resources */,
			);
			buildRules = (
			);
			dependencies = (
			);
			name = "Turminha do Barulho";
			productName = "Turminha do Barulho";
			productReference = 3F0F14AA1BD55047002EA06A /* Turminha do Barulho.app */;
			productType = "com.apple.product-type.application";
		};
		3F0F14C01BD55047002EA06A /* Turminha do BarulhoTests */ = {
			isa = PBXNativeTarget;
			buildConfigurationList = 3F0F14D81BD55047002EA06A /* Build configuration list for PBXNativeTarget "Turminha do BarulhoTests" */;
			buildPhases = (
				3F0F14BD1BD55047002EA06A /* Sources */,
				3F0F14BE1BD55047002EA06A /* Frameworks */,
				3F0F14BF1BD55047002EA06A /* Resources */,
			);
			buildRules = (
			);
			dependencies = (
				3F0F14C31BD55047002EA06A /* PBXTargetDependency */,
			);
			name = "Turminha do BarulhoTests";
			productName = "Turminha do BarulhoTests";
			productReference = 3F0F14C11BD55047002EA06A /* Turminha do BarulhoTests.xctest */;
			productType = "com.apple.product-type.bundle.unit-test";
		};
		3F0F14CB1BD55047002EA06A /* Turminha do BarulhoUITests */ = {
			isa = PBXNativeTarget;
			buildConfigurationList = 3F0F14DB1BD55047002EA06A /* Build configuration list for PBXNativeTarget "Turminha do BarulhoUITests" */;
			buildPhases = (
				3F0F14C81BD55047002EA06A /* Sources */,
				3F0F14C91BD55047002EA06A /* Frameworks */,
				3F0F14CA1BD55047002EA06A /* Resources */,
			);
			buildRules = (
			);
			dependencies = (
				3F0F14CE1BD55047002EA06A /* PBXTargetDependency */,
			);
			name = "Turminha do BarulhoUITests";
			productName = "Turminha do BarulhoUITests";
			productReference = 3F0F14CC1BD55047002EA06A /* Turminha do BarulhoUITests.xctest */;
			productType = "com.apple.product-type.bundle.ui-testing";
		};
/* End PBXNativeTarget section */

/* Begin PBXProject section */
		3F0F14A21BD55047002EA06A /* Project object */ = {
			isa = PBXProject;
			attributes = {
				LastSwiftUpdateCheck = 0720;
				LastUpgradeCheck = 0700;
				ORGANIZATIONNAME = "Lucas Coiado Mota";
				TargetAttributes = {
					3F0F14A91BD55047002EA06A = {
						CreatedOnToolsVersion = 7.0.1;
					};
					3F0F14C01BD55047002EA06A = {
						CreatedOnToolsVersion = 7.0.1;
						TestTargetID = 3F0F14A91BD55047002EA06A;
					};
					3F0F14CB1BD55047002EA06A = {
						CreatedOnToolsVersion = 7.0.1;
						TestTargetID = 3F0F14A91BD55047002EA06A;
					};
				};
			};
			buildConfigurationList = 3F0F14A51BD55047002EA06A /* Build configuration list for PBXProject "Turminha do Barulho" */;
			compatibilityVersion = "Xcode 3.2";
			developmentRegion = English;
			hasScannedForEncodings = 0;
			knownRegions = (
				en,
				Base,
			);
			mainGroup = 3F0F14A11BD55047002EA06A;
			productRefGroup = 3F0F14AB1BD55047002EA06A /* Products */;
			projectDirPath = "";
			projectRoot = "";
			targets = (
				3F0F14A91BD55047002EA06A /* Turminha do Barulho */,
				3F0F14C01BD55047002EA06A /* Turminha do BarulhoTests */,
				3F0F14CB1BD55047002EA06A /* Turminha do BarulhoUITests */,
			);
		};
/* End PBXProject section */

/* Begin PBXResourcesBuildPhase section */
		3F0F14A81BD55047002EA06A /* Resources */ = {
			isa = PBXResourcesBuildPhase;
			buildActionMask = 2147483647;
			files = (
				18C459D51C21995E00242FEB /* ComentarioDetalhes.xib in Resources */,
				3F0F14BB1BD55047002EA06A /* LaunchScreen.storyboard in Resources */,
				3F0CF12A1BDE8777003E7488 /* materias.plist in Resources */,
				3FF2D3BC1BEA6F3F00D085F0 /* Main.storyboard in Resources */,
				18CC108A1C0879A700FDA6D3 /* DetalhesNoticiaCell.xib in Resources */,
				181C49A01C166CA3003B2AB1 /* Assets.xcassets in Resources */,
			);
			runOnlyForDeploymentPostprocessing = 0;
		};
		3F0F14BF1BD55047002EA06A /* Resources */ = {
			isa = PBXResourcesBuildPhase;
			buildActionMask = 2147483647;
			files = (
			);
			runOnlyForDeploymentPostprocessing = 0;
		};
		3F0F14CA1BD55047002EA06A /* Resources */ = {
			isa = PBXResourcesBuildPhase;
			buildActionMask = 2147483647;
			files = (
			);
			runOnlyForDeploymentPostprocessing = 0;
		};
/* End PBXResourcesBuildPhase section */

/* Begin PBXSourcesBuildPhase section */
		3F0F14A61BD55047002EA06A /* Sources */ = {
			isa = PBXSourcesBuildPhase;
			buildActionMask = 2147483647;
			files = (
				18C459DC1C21A2A900242FEB /* ComentarioDetalhesCell.swift in Sources */,
				3F0E2DE71C0615FE00CB4722 /* CustomSearchBar.swift in Sources */,
				3F0E2DE81C0615FE00CB4722 /* CustomSearchController.swift in Sources */,
				5F9082E31BDA88DC00FD2027 /* LoginViewController.swift in Sources */,
				3F0F14B61BD55047002EA06A /* Turminha_do_Barulho.xcdatamodeld in Sources */,
				3F0CF12C1BDFBE28003E7488 /* MateriaTableViewCell.swift in Sources */,
				3FFA23D71BF4C70800D7AEDB /* UniversidadesCollectionViewController.swift in Sources */,
				5FF948981BE2A9BC003C6D2E /* FeedDetailsViewController.swift in Sources */,
				185125631BDA9B1400E59F89 /* QuestionFeedCell.swift in Sources */,
				5F23DEDA1C109FA400C754DD /* CriaRespostaViewController.swift in Sources */,
				5F09BF3D1C33420700227067 /* ParseModel.swift in Sources */,
				185125571BDA91F200E59F89 /* FeedCell.swift in Sources */,
				3F0E2DDF1C0493EF00CB4722 /* CommentTableViewCell.swift in Sources */,
				3F0CF1221BDAE3D7003E7488 /* UniversidadeTableViewCell.swift in Sources */,
				3F0CF1321BE6A93C003E7488 /* AnswerTableViewCell.swift in Sources */,
				3FFA23D51BF4BE6200D7AEDB /* DetalheUniversidadesLayout.swift in Sources */,
				3F0CF1281BDAED4C003E7488 /* UniversidadeData.swift in Sources */,
				5F9082E11BDA839200FD2027 /* ConfiguracoesViewController.swift in Sources */,
				08F10C221C2076C8000F2034 /* QuestionViewController.swift in Sources */,
				3FFA23D91BF4CD5900D7AEDB /* DescricaoCollectionViewCell.swift in Sources */,
				5F778B641C3D79890074CB3E /* Usuario.swift in Sources */,
				3F0F14E31BD6658B002EA06A /* Materia.swift in Sources */,
				185125591BDA91F800E59F89 /* Dados.swift in Sources */,
				3FFA23D11BF21F3300D7AEDB /* Universidade.swift in Sources */,
				3FFA23D31BF247AE00D7AEDB /* Subjects.swift in Sources */,
				08F10C241C2076E1000F2034 /* CriaPerguntaViewController.swift in Sources */,
				185125551BDA91EB00E59F89 /* FeedTableViewController.swift in Sources */,
				5F778B661C3EA27C0074CB3E /* Notificacao.swift in Sources */,
				5F778B681C3EBB070074CB3E /* userCell.swift in Sources */,
				3F0CFCAD1BE80BE10031F8DF /* Answer.swift in Sources */,
				3F0CF1241BDAE40B003E7488 /* UniversidadeTableViewController.swift in Sources */,
				3F0CFCAF1BE83DCF0031F8DF /* AnswerViewController.swift in Sources */,
				5F9082E51BDA890700FD2027 /* CriarContaViewController.swift in Sources */,
				3F1607F11C21DC6600120CB5 /* HeaderSemestreCollection.swift in Sources */,
				3F75CB4F1BF604E6002241AC /* MateriaCollectionViewCell.swift in Sources */,
				3F0F14AE1BD55047002EA06A /* AppDelegate.swift in Sources */,
				1851255F1BDA9A2A00E59F89 /* Question.swift in Sources */,
				18CC108C1C087B3F00FDA6D3 /* NewsDetailCell.swift in Sources */,
				5F09BF421C3BF13400227067 /* CursoInfo.swift in Sources */,
				5F09BF401C3BEC1E00227067 /* MateriaDescricao.swift in Sources */,
				3F0F14E11BD664A3002EA06A /* MateriasTableViewController.swift in Sources */,
				180CA7C41BD915B300F5DFAB /* MateriasDetalheViewController.swift in Sources */,
				3F75CB511BF653C2002241AC /* MateriaSemestreCollectionViewCell.swift in Sources */,
				185125611BDA9AF900E59F89 /* QuestionFeedTableViewController.swift in Sources */,
			);
			runOnlyForDeploymentPostprocessing = 0;
		};
		3F0F14BD1BD55047002EA06A /* Sources */ = {
			isa = PBXSourcesBuildPhase;
			buildActionMask = 2147483647;
			files = (
				3F0F14C61BD55047002EA06A /* Turminha_do_BarulhoTests.swift in Sources */,
			);
			runOnlyForDeploymentPostprocessing = 0;
		};
		3F0F14C81BD55047002EA06A /* Sources */ = {
			isa = PBXSourcesBuildPhase;
			buildActionMask = 2147483647;
			files = (
				3F0F14D11BD55047002EA06A /* Turminha_do_BarulhoUITests.swift in Sources */,
			);
			runOnlyForDeploymentPostprocessing = 0;
		};
/* End PBXSourcesBuildPhase section */

/* Begin PBXTargetDependency section */
		3F0F14C31BD55047002EA06A /* PBXTargetDependency */ = {
			isa = PBXTargetDependency;
			target = 3F0F14A91BD55047002EA06A /* Turminha do Barulho */;
			targetProxy = 3F0F14C21BD55047002EA06A /* PBXContainerItemProxy */;
		};
		3F0F14CE1BD55047002EA06A /* PBXTargetDependency */ = {
			isa = PBXTargetDependency;
			target = 3F0F14A91BD55047002EA06A /* Turminha do Barulho */;
			targetProxy = 3F0F14CD1BD55047002EA06A /* PBXContainerItemProxy */;
		};
/* End PBXTargetDependency section */

/* Begin PBXVariantGroup section */
		3F0F14B91BD55047002EA06A /* LaunchScreen.storyboard */ = {
			isa = PBXVariantGroup;
			children = (
				3F0F14BA1BD55047002EA06A /* Base */,
			);
			name = LaunchScreen.storyboard;
			sourceTree = "<group>";
		};
		3FF2D3BA1BEA6F3F00D085F0 /* Main.storyboard */ = {
			isa = PBXVariantGroup;
			children = (
				3FF2D3BB1BEA6F3F00D085F0 /* Base */,
			);
			name = Main.storyboard;
			sourceTree = "<group>";
		};
/* End PBXVariantGroup section */

/* Begin XCBuildConfiguration section */
		3F0F14D31BD55047002EA06A /* Debug */ = {
			isa = XCBuildConfiguration;
			buildSettings = {
				ALWAYS_SEARCH_USER_PATHS = NO;
				CLANG_CXX_LANGUAGE_STANDARD = "gnu++0x";
				CLANG_CXX_LIBRARY = "libc++";
				CLANG_ENABLE_MODULES = YES;
				CLANG_ENABLE_OBJC_ARC = YES;
				CLANG_WARN_BOOL_CONVERSION = YES;
				CLANG_WARN_CONSTANT_CONVERSION = YES;
				CLANG_WARN_DIRECT_OBJC_ISA_USAGE = YES_ERROR;
				CLANG_WARN_EMPTY_BODY = YES;
				CLANG_WARN_ENUM_CONVERSION = YES;
				CLANG_WARN_INT_CONVERSION = YES;
				CLANG_WARN_OBJC_ROOT_CLASS = YES_ERROR;
				CLANG_WARN_UNREACHABLE_CODE = YES;
				CLANG_WARN__DUPLICATE_METHOD_MATCH = YES;
				"CODE_SIGN_IDENTITY[sdk=iphoneos*]" = "iPhone Developer";
				COPY_PHASE_STRIP = NO;
				DEBUG_INFORMATION_FORMAT = dwarf;
				ENABLE_STRICT_OBJC_MSGSEND = YES;
				ENABLE_TESTABILITY = YES;
				GCC_C_LANGUAGE_STANDARD = gnu99;
				GCC_DYNAMIC_NO_PIC = NO;
				GCC_NO_COMMON_BLOCKS = YES;
				GCC_OPTIMIZATION_LEVEL = 0;
				GCC_PREPROCESSOR_DEFINITIONS = (
					"DEBUG=1",
					"$(inherited)",
				);
				GCC_WARN_64_TO_32_BIT_CONVERSION = YES;
				GCC_WARN_ABOUT_RETURN_TYPE = YES_ERROR;
				GCC_WARN_UNDECLARED_SELECTOR = YES;
				GCC_WARN_UNINITIALIZED_AUTOS = YES_AGGRESSIVE;
				GCC_WARN_UNUSED_FUNCTION = YES;
				GCC_WARN_UNUSED_VARIABLE = YES;
				IPHONEOS_DEPLOYMENT_TARGET = 9.0;
				MTL_ENABLE_DEBUG_INFO = YES;
				ONLY_ACTIVE_ARCH = YES;
				SDKROOT = iphoneos;
				SWIFT_OPTIMIZATION_LEVEL = "-Onone";
			};
			name = Debug;
		};
		3F0F14D41BD55047002EA06A /* Release */ = {
			isa = XCBuildConfiguration;
			buildSettings = {
				ALWAYS_SEARCH_USER_PATHS = NO;
				CLANG_CXX_LANGUAGE_STANDARD = "gnu++0x";
				CLANG_CXX_LIBRARY = "libc++";
				CLANG_ENABLE_MODULES = YES;
				CLANG_ENABLE_OBJC_ARC = YES;
				CLANG_WARN_BOOL_CONVERSION = YES;
				CLANG_WARN_CONSTANT_CONVERSION = YES;
				CLANG_WARN_DIRECT_OBJC_ISA_USAGE = YES_ERROR;
				CLANG_WARN_EMPTY_BODY = YES;
				CLANG_WARN_ENUM_CONVERSION = YES;
				CLANG_WARN_INT_CONVERSION = YES;
				CLANG_WARN_OBJC_ROOT_CLASS = YES_ERROR;
				CLANG_WARN_UNREACHABLE_CODE = YES;
				CLANG_WARN__DUPLICATE_METHOD_MATCH = YES;
				"CODE_SIGN_IDENTITY[sdk=iphoneos*]" = "iPhone Developer";
				COPY_PHASE_STRIP = NO;
				DEBUG_INFORMATION_FORMAT = "dwarf-with-dsym";
				ENABLE_NS_ASSERTIONS = NO;
				ENABLE_STRICT_OBJC_MSGSEND = YES;
				GCC_C_LANGUAGE_STANDARD = gnu99;
				GCC_NO_COMMON_BLOCKS = YES;
				GCC_WARN_64_TO_32_BIT_CONVERSION = YES;
				GCC_WARN_ABOUT_RETURN_TYPE = YES_ERROR;
				GCC_WARN_UNDECLARED_SELECTOR = YES;
				GCC_WARN_UNINITIALIZED_AUTOS = YES_AGGRESSIVE;
				GCC_WARN_UNUSED_FUNCTION = YES;
				GCC_WARN_UNUSED_VARIABLE = YES;
				IPHONEOS_DEPLOYMENT_TARGET = 9.0;
				MTL_ENABLE_DEBUG_INFO = NO;
				SDKROOT = iphoneos;
				VALIDATE_PRODUCT = YES;
			};
			name = Release;
		};
		3F0F14D61BD55047002EA06A /* Debug */ = {
			isa = XCBuildConfiguration;
			buildSettings = {
				ASSETCATALOG_COMPILER_APPICON_NAME = AppIcon;
				CLANG_ENABLE_MODULES = YES;
				CODE_SIGN_IDENTITY = "iPhone Developer";
				FRAMEWORK_SEARCH_PATHS = (
					"$(inherited)",
					"$(PROJECT_DIR)",
					"\"./Turminha do Barulho/\"",
				);
				INFOPLIST_FILE = "Turminha do Barulho/Info.plist";
				IPHONEOS_DEPLOYMENT_TARGET = 9.1;
				LD_RUNPATH_SEARCH_PATHS = "$(inherited) @executable_path/Frameworks";
				PRODUCT_BUNDLE_IDENTIFIER = "org.lucas.Turminha-do-Barulho";
				PRODUCT_NAME = "$(TARGET_NAME)";
				SWIFT_OBJC_BRIDGING_HEADER = "Turminha do Barulho/Turminha do Barulho-Bridging-Header.h";
				SWIFT_OPTIMIZATION_LEVEL = "-Onone";
			};
			name = Debug;
		};
		3F0F14D71BD55047002EA06A /* Release */ = {
			isa = XCBuildConfiguration;
			buildSettings = {
				ASSETCATALOG_COMPILER_APPICON_NAME = AppIcon;
				CLANG_ENABLE_MODULES = YES;
				CODE_SIGN_IDENTITY = "iPhone Developer";
				FRAMEWORK_SEARCH_PATHS = (
					"$(inherited)",
					"$(PROJECT_DIR)",
					"\"./Turminha do Barulho/\"",
				);
				INFOPLIST_FILE = "Turminha do Barulho/Info.plist";
				IPHONEOS_DEPLOYMENT_TARGET = 9.1;
				LD_RUNPATH_SEARCH_PATHS = "$(inherited) @executable_path/Frameworks";
				PRODUCT_BUNDLE_IDENTIFIER = "org.lucas.Turminha-do-Barulho";
				PRODUCT_NAME = "$(TARGET_NAME)";
				SWIFT_OBJC_BRIDGING_HEADER = "Turminha do Barulho/Turminha do Barulho-Bridging-Header.h";
			};
			name = Release;
		};
		3F0F14D91BD55047002EA06A /* Debug */ = {
			isa = XCBuildConfiguration;
			buildSettings = {
				BUNDLE_LOADER = "$(TEST_HOST)";
				INFOPLIST_FILE = "Turminha do BarulhoTests/Info.plist";
				LD_RUNPATH_SEARCH_PATHS = "$(inherited) @executable_path/Frameworks @loader_path/Frameworks";
				PRODUCT_BUNDLE_IDENTIFIER = "org.lucas.Turminha-do-BarulhoTests";
				PRODUCT_NAME = "$(TARGET_NAME)";
				TEST_HOST = "$(BUILT_PRODUCTS_DIR)/Turminha do Barulho.app/Turminha do Barulho";
			};
			name = Debug;
		};
		3F0F14DA1BD55047002EA06A /* Release */ = {
			isa = XCBuildConfiguration;
			buildSettings = {
				BUNDLE_LOADER = "$(TEST_HOST)";
				INFOPLIST_FILE = "Turminha do BarulhoTests/Info.plist";
				LD_RUNPATH_SEARCH_PATHS = "$(inherited) @executable_path/Frameworks @loader_path/Frameworks";
				PRODUCT_BUNDLE_IDENTIFIER = "org.lucas.Turminha-do-BarulhoTests";
				PRODUCT_NAME = "$(TARGET_NAME)";
				TEST_HOST = "$(BUILT_PRODUCTS_DIR)/Turminha do Barulho.app/Turminha do Barulho";
			};
			name = Release;
		};
		3F0F14DC1BD55047002EA06A /* Debug */ = {
			isa = XCBuildConfiguration;
			buildSettings = {
				INFOPLIST_FILE = "Turminha do BarulhoUITests/Info.plist";
				LD_RUNPATH_SEARCH_PATHS = "$(inherited) @executable_path/Frameworks @loader_path/Frameworks";
				PRODUCT_BUNDLE_IDENTIFIER = "org.lucas.Turminha-do-BarulhoUITests";
				PRODUCT_NAME = "$(TARGET_NAME)";
				TEST_TARGET_NAME = "Turminha do Barulho";
				USES_XCTRUNNER = YES;
			};
			name = Debug;
		};
		3F0F14DD1BD55047002EA06A /* Release */ = {
			isa = XCBuildConfiguration;
			buildSettings = {
				INFOPLIST_FILE = "Turminha do BarulhoUITests/Info.plist";
				LD_RUNPATH_SEARCH_PATHS = "$(inherited) @executable_path/Frameworks @loader_path/Frameworks";
				PRODUCT_BUNDLE_IDENTIFIER = "org.lucas.Turminha-do-BarulhoUITests";
				PRODUCT_NAME = "$(TARGET_NAME)";
				TEST_TARGET_NAME = "Turminha do Barulho";
				USES_XCTRUNNER = YES;
			};
			name = Release;
		};
/* End XCBuildConfiguration section */

/* Begin XCConfigurationList section */
		3F0F14A51BD55047002EA06A /* Build configuration list for PBXProject "Turminha do Barulho" */ = {
			isa = XCConfigurationList;
			buildConfigurations = (
				3F0F14D31BD55047002EA06A /* Debug */,
				3F0F14D41BD55047002EA06A /* Release */,
			);
			defaultConfigurationIsVisible = 0;
			defaultConfigurationName = Release;
		};
		3F0F14D51BD55047002EA06A /* Build configuration list for PBXNativeTarget "Turminha do Barulho" */ = {
			isa = XCConfigurationList;
			buildConfigurations = (
				3F0F14D61BD55047002EA06A /* Debug */,
				3F0F14D71BD55047002EA06A /* Release */,
			);
			defaultConfigurationIsVisible = 0;
			defaultConfigurationName = Release;
		};
		3F0F14D81BD55047002EA06A /* Build configuration list for PBXNativeTarget "Turminha do BarulhoTests" */ = {
			isa = XCConfigurationList;
			buildConfigurations = (
				3F0F14D91BD55047002EA06A /* Debug */,
				3F0F14DA1BD55047002EA06A /* Release */,
			);
			defaultConfigurationIsVisible = 0;
			defaultConfigurationName = Release;
		};
		3F0F14DB1BD55047002EA06A /* Build configuration list for PBXNativeTarget "Turminha do BarulhoUITests" */ = {
			isa = XCConfigurationList;
			buildConfigurations = (
				3F0F14DC1BD55047002EA06A /* Debug */,
				3F0F14DD1BD55047002EA06A /* Release */,
			);
			defaultConfigurationIsVisible = 0;
			defaultConfigurationName = Release;
		};
/* End XCConfigurationList section */

/* Begin XCVersionGroup section */
		3F0F14B41BD55047002EA06A /* Turminha_do_Barulho.xcdatamodeld */ = {
			isa = XCVersionGroup;
			children = (
				3F0F14B51BD55047002EA06A /* Turminha_do_Barulho.xcdatamodel */,
			);
			currentVersion = 3F0F14B51BD55047002EA06A /* Turminha_do_Barulho.xcdatamodel */;
			path = Turminha_do_Barulho.xcdatamodeld;
			sourceTree = "<group>";
			versionGroupType = wrapper.xcdatamodel;
		};
/* End XCVersionGroup section */
	};
	rootObject = 3F0F14A21BD55047002EA06A /* Project object */;
}
